<?xml version="1.0" encoding="UTF-8" standalone="yes" ?>
<CodeBlocks_project_file>
	<FileVersion major="1" minor="6" />
	<Project>
		<Option title="Reinstall Main application" />
		<Option makefile_is_custom="1" />
		<Option pch_mode="2" />
		<Option compiler="gcc" />
		<Build>
			<Target title="Debug">
				<Option output=".bin/Debug/reinstall" prefix_auto="1" extension_auto="1" />
				<Option object_output=".obj/Debug/" />
				<Option type="1" />
				<Option compiler="gcc" />
				<Compiler>
					<Add option="-g" />
				</Compiler>
			</Target>
			<Target title="Release">
				<Option output=".bin/Release/Reinstall Main application" prefix_auto="1" extension_auto="1" />
				<Option object_output=".obj/Release/" />
				<Option type="1" />
				<Option compiler="gcc" />
				<Compiler>
					<Add option="-O2" />
				</Compiler>
				<Linker>
					<Add option="-s" />
				</Linker>
			</Target>
		</Build>
		<Compiler>
			<Add option="-Wall" />
		</Compiler>
		<Unit filename="src/fatfs/documents/res/app1.c">
			<Option compilerVar="CC" />
		</Unit>
		<Unit filename="src/fatfs/documents/res/app2.c">
			<Option compilerVar="CC" />
		</Unit>
		<Unit filename="src/fatfs/documents/res/app3.c">
			<Option compilerVar="CC" />
		</Unit>
		<Unit filename="src/fatfs/documents/res/app4.c">
			<Option compilerVar="CC" />
		</Unit>
		<Unit filename="src/fatfs/documents/res/app5.c">
			<Option compilerVar="CC" />
		</Unit>
		<Unit filename="src/fatfs/documents/res/app6.c">
			<Option compilerVar="CC" />
		</Unit>
		<Unit filename="src/fatfs/source/diskio.c">
			<Option compilerVar="CC" />
		</Unit>
		<Unit filename="src/fatfs/source/diskio.h" />
		<Unit filename="src/fatfs/source/ff.c">
			<Option compilerVar="CC" />
		</Unit>
		<Unit filename="src/fatfs/source/ff.h" />
		<Unit filename="src/fatfs/source/ffconf.h" />
		<Unit filename="src/fatfs/source/ffsystem.c">
			<Option compilerVar="CC" />
		</Unit>
		<Unit filename="src/fatfs/source/ffunicode.c">
			<Option compilerVar="CC" />
		</Unit>
		<Unit filename="src/include/config.h" />
		<Unit filename="src/include/libreinstall/action.h" />
		<Unit filename="src/include/libreinstall/builder.h" />
		<Unit filename="src/include/libreinstall/builders/fat.h" />
		<Unit filename="src/include/libreinstall/builders/iso9660.h" />
		<Unit filename="src/include/libreinstall/iso9660.h" />
		<Unit filename="src/include/libreinstall/kernelparameter.h" />
		<Unit filename="src/include/libreinstall/path.h" />
		<Unit filename="src/include/libreinstall/repository.h" />
		<Unit filename="src/include/libreinstall/slpclient.h" />
		<Unit filename="src/include/libreinstall/source.h" />
		<Unit filename="src/include/libreinstall/sources/zip.h" />
		<Unit filename="src/include/libreinstall/template.h" />
		<Unit filename="src/include/libreinstall/writer.h" />
		<Unit filename="src/include/libreinstall/writers/file.h" />
		<Unit filename="src/include/libreinstall/writers/usb.h" />
		<Unit filename="src/include/private/dialogs.h" />
		<Unit filename="src/include/private/mainwindow.h" />
		<Unit filename="src/include/private/mirror.h" />
		<Unit filename="src/include/private/widgets.h" />
		<Unit filename="src/include/reinstall/action.h" />
		<Unit filename="src/include/reinstall/actions/fatbuilder.h" />
		<Unit filename="src/include/reinstall/actions/fsbuilder.h" />
		<Unit filename="src/include/reinstall/actions/isobuilder.h" />
		<Unit filename="src/include/reinstall/builder.h" />
		<Unit filename="src/include/reinstall/controller.h" />
		<Unit filename="src/include/reinstall/defs.h" />
		<Unit filename="src/include/reinstall/dialogs.h" />
		<Unit filename="src/include/reinstall/dialogs/popup.h" />
		<Unit filename="src/include/reinstall/dialogs/progress.h" />
		<Unit filename="src/include/reinstall/dialogs/taskrunner.h" />
		<Unit filename="src/include/reinstall/dialogs/window.h" />
		<Unit filename="src/include/reinstall/diskimage.h" />
		<Unit filename="src/include/reinstall/group.h" />
		<Unit filename="src/include/reinstall/iso9660.h" />
		<Unit filename="src/include/reinstall/object.h" />
		<Unit filename="src/include/reinstall/repository.h" />
		<Unit filename="src/include/reinstall/script.h" />
		<Unit filename="src/include/reinstall/source.h" />
		<Unit filename="src/include/reinstall/sources/cached.h" />
		<Unit filename="src/include/reinstall/sources/efiboot.h" />
		<Unit filename="src/include/reinstall/sources/initrd.h" />
		<Unit filename="src/include/reinstall/sources/kernel.h" />
		<Unit filename="src/include/reinstall/sources/zipfile.h" />
		<Unit filename="src/include/reinstall/tools.h" />
		<Unit filename="src/include/reinstall/userinterface.h" />
		<Unit filename="src/include/reinstall/value.h" />
		<Unit filename="src/include/reinstall/writer.h" />
		<Unit filename="src/include/udjat/ui/dialog.h" />
		<Unit filename="src/include/udjat/ui/dialogs/progress.h" />
		<Unit filename="src/include/udjat/ui/gtk/icon.h" />
		<Unit filename="src/include/udjat/ui/gtk/label.h" />
		<Unit filename="src/include/udjat/ui/menu.h" />
		<Unit filename="src/include/udjat/ui/widgets/label.h">
			<Option target="&lt;{~None~}&gt;" />
		</Unit>
		<Unit filename="src/library/action/action.cc" />
		<Unit filename="src/library/action/template.cc" />
		<Unit filename="src/library/actions/abstract.cc" />
		<Unit filename="src/library/actions/popup.cc" />
		<Unit filename="src/library/builders/abstract.cc" />
		<Unit filename="src/library/builders/fat.cc" />
		<Unit filename="src/library/builders/iso9660.cc" />
		<Unit filename="src/library/controller.cc" />
		<Unit filename="src/library/core/kernelparameter.cc" />
		<Unit filename="src/library/core/path.cc" />
		<Unit filename="src/library/core/repository.cc" />
		<Unit filename="src/library/core/slpclient.cc" />
		<Unit filename="src/library/core/source/factory.cc" />
		<Unit filename="src/library/core/source/file.cc" />
		<Unit filename="src/library/core/source/prepare.cc" />
		<Unit filename="src/library/core/source/source.cc" />
		<Unit filename="src/library/core/template.cc" />
		<Unit filename="src/library/dialogs/button.cc" />
		<Unit filename="src/library/dialogs/popup.cc" />
		<Unit filename="src/library/dialogs/progress.cc" />
		<Unit filename="src/library/dialogs/taskrunner.cc" />
		<Unit filename="src/library/dialogs/window.cc" />
		<Unit filename="src/library/fatfs/documents/res/app1.c">
			<Option compilerVar="CC" />
		</Unit>
		<Unit filename="src/library/fatfs/documents/res/app2.c">
			<Option compilerVar="CC" />
		</Unit>
		<Unit filename="src/library/fatfs/documents/res/app3.c">
			<Option compilerVar="CC" />
		</Unit>
		<Unit filename="src/library/fatfs/documents/res/app4.c">
			<Option compilerVar="CC" />
		</Unit>
		<Unit filename="src/library/fatfs/documents/res/app5.c">
			<Option compilerVar="CC" />
		</Unit>
		<Unit filename="src/library/fatfs/documents/res/app6.c">
			<Option compilerVar="CC" />
		</Unit>
		<Unit filename="src/library/fatfs/source/diskio.c">
			<Option compilerVar="CC" />
		</Unit>
		<Unit filename="src/library/fatfs/source/diskio.h" />
		<Unit filename="src/library/fatfs/source/ff.c">
			<Option compilerVar="CC" />
		</Unit>
		<Unit filename="src/library/fatfs/source/ff.h" />
		<Unit filename="src/library/fatfs/source/ffconf.h" />
		<Unit filename="src/library/fatfs/source/ffsystem.c">
			<Option compilerVar="CC" />
		</Unit>
		<Unit filename="src/library/fatfs/source/ffunicode.c">
			<Option compilerVar="CC" />
		</Unit>
		<Unit filename="src/library/group.cc" />
		<Unit filename="src/library/iso9660/efi.cc" />
		<Unit filename="src/library/iso9660/eltorito.cc" />
		<Unit filename="src/library/iso9660/image.cc" />
		<Unit filename="src/library/iso9660/settings.cc" />
		<Unit filename="src/library/kernelparameter.cc" />
		<Unit filename="src/library/object.cc" />
		<Unit filename="src/library/os/linux/abstract_writer.cc" />
		<Unit filename="src/library/os/linux/disk_image.cc" />
		<Unit filename="src/library/os/linux/fsbuilder.cc" />
		<Unit filename="src/library/os/linux/loop.cc" />
		<Unit filename="src/library/os/linux/private.h" />
		<Unit filename="src/library/os/linux/reboot.cc" />
		<Unit filename="src/library/os/linux/source.cc" />
		<Unit filename="src/library/os/linux/usbstorage.cc" />
		<Unit filename="src/library/os/linux/usbwriter.cc" />
		<Unit filename="src/library/parameters.cc" />
		<Unit filename="src/library/repository/construct.cc" />
		<Unit filename="src/library/repository/slpclient.cc" />
		<Unit filename="src/library/script.cc" />
		<Unit filename="src/library/source/apache_mirror.cc" />
		<Unit filename="src/library/source/efiboot.cc" />
		<Unit filename="src/library/source/initrd.cc" />
		<Unit filename="src/library/source/kernel.cc" />
		<Unit filename="src/library/source/mirror.cc" />
		<Unit filename="src/library/source/mirrorcache_mirror.cc" />
		<Unit filename="src/library/source/save.cc" />
		<Unit filename="src/library/source/source.cc" />
		<Unit filename="src/library/source/zipfile.cc" />
		<Unit filename="src/library/sources/zip.cc" />
		<Unit filename="src/library/testprogram/private.h" />
		<Unit filename="src/library/testprogram/testprogram.cc" />
		<Unit filename="src/library/ui/dialogs/abstract.cc" />
		<Unit filename="src/library/ui/dialogs/controller.cc" />
		<Unit filename="src/library/ui/dialogs/progress.cc" />
		<Unit filename="src/library/ui/menu/controller.cc" />
		<Unit filename="src/library/ui/menu/item.cc" />
		<Unit filename="src/library/userinterface.cc" />
		<Unit filename="src/library/value.cc" />
		<Unit filename="src/library/worker.cc" />
		<Unit filename="src/library/writers/abstract.cc" />
		<Unit filename="src/library/writers/file.cc" />
		<Unit filename="src/main/icon.cc" />
		<Unit filename="src/main/label.cc" />
		<Unit filename="src/main/main.cc" />
		<Unit filename="src/main/progress.cc" />
		<Unit filename="src/main/window.cc" />
		<Unit filename="src/modules/grub/init.cc" />
		<Unit filename="src/modules/isobuilder/init.cc" />
		<Unit filename="src/modules/isowriter/diskwriter.cc" />
		<Unit filename="src/modules/isowriter/init.cc" />
		<Unit filename="src/modules/isowriter/isowriter.cc" />
		<Unit filename="src/modules/isowriter/private.h" />
		<Unit filename="src/modules/netinstall/init.cc" />
		<Unit filename="src/modules/netinstall/private.h" />
		<Unit filename="src/modules/udfbuilder/init.cc" />
		<Extensions>
			<code_completion>
				<search_path add="src/fatfs/source" />
			</code_completion>
		</Extensions>
	</Project>
</CodeBlocks_project_file>
